{
  "name": "network-monitor",
  "version": "1.0.0",
  "lockfileVersion": 3,
  "requires": true,
  "packages": {
    "": {
      "name": "network-monitor",
      "version": "1.0.0",
      "license": "ISC",
      "dependencies": {
        "moment": "^2.29.3",
        "ping": "^0.4.1",
        "sound-play": "^1.1.0"
      },
      "devDependencies": {
        "@types/node": "^14.18.62",
        "@types/ping": "^0.4.0",
        "@types/sound-play": "^1.1.0",
        "typescript": "^5.2.2"
      }
    },
    "node_modules/@types/node": {
      "version": "14.18.62",
      "resolved": "https://registry.npmjs.org/@types/node/-/node-14.18.62.tgz",
      "integrity": "sha512-53Fhb08qfKwSNCIUtysIqw0ye+v1d5QCdL2kl8liKQFlOZTAo+nEYr/FztzMaHBFwB5H0ugF0PF0gmtojaNNiQ==",
      "dev": true
    },
    "node_modules/@types/ping": {
      "version": "0.4.1",
      "resolved": "https://registry.npmjs.org/@types/ping/-/ping-0.4.1.tgz",
      "integrity": "sha512-q/D+xQvoqrHvntvz2A0Pb0ImYwnN3zakluUp8O2qoogGoVMVbdY2K/ulxHcCh9TzYzVoojayHBa9gYQDIZ4v0A==",
      "dev": true
    },
    "node_modules/@types/sound-play": {
      "version": "1.1.0",
      "resolved": "https://registry.npmjs.org/@types/sound-play/-/sound-play-1.1.0.tgz",
      "integrity": "sha512-r9BuZ7T8KmS3qxW52hg3LoFX8kl+jUPZilI2QawmjnNEjbHLDYrGOX1HOguF5BRI8ECM0OSXONl13UwT0XkPgw==",
      "dev": true,
      "dependencies": {
        "@types/node": "*"
      }
    },
    "node_modules/moment": {
      "version": "2.29.4",
      "resolved": "https://registry.npmjs.org/moment/-/moment-2.29.4.tgz",
      "integrity": "sha512-5LC9SOxjSc2HF6vO2CyuTDNivEdoz2IvyJJGj6X8DJ0eFyfszE0QiEd+iXmBvUP3WHxSjFH/vIsA0EN00cgr8w==",
      "engines": {
        "node": "*"
      }
    },
    "node_modules/ping": {
      "version": "0.4.4",
      "resolved": "https://registry.npmjs.org/ping/-/ping-0.4.4.tgz",
      "integrity": "sha512-56ZMC0j7SCsMMLdOoUg12VZCfj/+ZO+yfOSjaNCRrmZZr6GLbN2X/Ui56T15dI8NhiHckaw5X2pvyfAomanwqQ==",
      "engines": {
        "node": ">=4.0.0"
      }
    },
    "node_modules/sound-play": {
      "version": "1.1.0",
      "resolved": "https://registry.npmjs.org/sound-play/-/sound-play-1.1.0.tgz",
      "integrity": "sha512-Bd/L0AoCwITFeOnpNLMsfPXrV5GG5NhrC/T6odveahYbhPZkdTnrFXRia9FCC5WBWdUTw1d+yvLBvi4wnD1xOA=="
    },
    "node_modules/typescript": {
      "version": "5.2.2",
      "resolved": "https://registry.npmjs.org/typescript/-/typescript-5.2.2.tgz",
      "integrity": "sha512-mI4WrpHsbCIcwT9cF4FZvr80QUeKvsUsUvKDoR+X/7XHQH98xYD8YHZg7ANtz2GtZt/CBq2QJ0thkGJMHfqc1w==",
      "dev": true,
      "bin": {
        "tsc": "bin/tsc",
        "tsserver": "bin/tsserver"
      },
      "engines": {
        "node": ">=14.17"
      }
    }
  }
}
